
Microsoft Visual Studio Solution File, Format Version 12.00
# Visual Studio 14
VisualStudioVersion = 14.0.25420.1
MinimumVisualStudioVersion = 10.0.40219.1
Project("{FAE04EC0-301F-11D3-BF4B-00C04F79EFBC}") = "oop_yapıcı", "oop_yapıcı\oop_yapıcı.csproj", "{96E4D135-2961-4F1C-9238-AAFB5954152E}"
EndProject
Global
	GlobalSection(SolutionConfigurationPlatforms) = preSolution
		Debug|Any CPU = Debug|Any CPU
		Release|Any CPU = Release|Any CPU
	EndGlobalSection
	GlobalSection(ProjectConfigurationPlatforms) = postSolution
		{96E4D135-2961-4F1C-9238-AAFB5954152E}.Debug|Any CPU.ActiveCfg = Debug|Any CPU
		{96E4D135-2961-4F1C-9238-AAFB5954152E}.Debug|Any CPU.Build.0 = Debug|Any CPU
		{96E4D135-2961-4F1C-9238-AAFB5954152E}.Release|Any CPU.ActiveCfg = Release|Any CPU
		{96E4D135-2961-4F1C-9238-AAFB5954152E}.Release|Any CPU.Build.0 = Release|Any CPU
	EndGlobalSection
	GlobalSection(SolutionProperties) = preSolution
		HideSolutionNode = FALSE
	EndGlobalSection
EndGlobal
